// !$*UTF8*$!
{
	archiveVersion = 1;
	classes = {
	};
	objectVersion = 77;
	objects = {

/* Begin PBXBuildFile section */
		1109E58A2F7A1FB400AABC43 /* CleverVpnKit in Frameworks */ = {isa = PBXBuildFile; productRef = 1109E5892F7A1FB400AABC43 /* CleverVpnKit */; };
		1109E58C2F7A1FBB00AABC43 /* CleverVpnKit in Frameworks */ = {isa = PBXBuildFile; productRef = 1109E58B2F7A1FBB00AABC43 /* CleverVpnKit */; };
		1109E58E2F7A1FC200AABC43 /* CleverVpnKit in Frameworks */ = {isa = PBXBuildFile; productRef = 1109E58D2F7A1FC200AABC43 /* CleverVpnKit */; };
		1109E5902F7A1FC900AABC43 /* CleverVpnKit in Frameworks */ = {isa = PBXBuildFile; productRef = 1109E58F2F7A1FC900AABC43 /* CleverVpnKit */; };
		112654072D3B6A6800EC470F /* CodeScanner in Frameworks */ = {isa = PBXBuildFile; productRef = 112654062D3B6A6800EC470F /* CodeScanner */; };
		11719C8C2D2B818A00189F35 /* VpnNetworkExtension.appex in Embed ExtensionKit Extensions */ = {isa = PBXBuildFile; fileRef = 1174D5E62D23BF9200D8A5C9 /* VpnNetworkExtension.appex */; settings = {ATTRIBUTES = (RemoveHeadersOnCopy, ); }; };
		11A4A8822D64BA7E0098A775 /* CodeScanner in Frameworks */ = {isa = PBXBuildFile; productRef = 11A4A87C2D64BA7E0098A775 /* CodeScanner */; };
		11A4A8DE2D657C670098A775 /* com.clevervpn.appex.system.systemextension in Embed System Extensions */ = {isa = PBXBuildFile; fileRef = 11A4A8C12D6570530098A775 /* com.clevervpn.appex.system.systemextension */; settings = {ATTRIBUTES = (RemoveHeadersOnCopy, ); }; };
		11D097582E40750800E15B7B /* NetworkExtension.framework in Frameworks */ = {isa = PBXBuildFile; fileRef = 11D097572E40750800E15B7B /* NetworkExtension.framework */; };
		11D0975A2E40751A00E15B7B /* NetworkExtension.framework in Frameworks */ = {isa = PBXBuildFile; fileRef = 11D097592E40751A00E15B7B /* NetworkExtension.framework */; };
/* End PBXBuildFile section */

/* Begin PBXContainerItemProxy section */
		11719C8D2D2B818A00189F35 /* PBXContainerItemProxy */ = {
			isa = PBXContainerItemProxy;
			containerPortal = 11D2E4CD2D1012BF00A76F3C /* Project object */;
			proxyType = 1;
			remoteGlobalIDString = 1174D5E52D23BF9200D8A5C9;
			remoteInfo = VpnNetworkExtension;
		};
		11A4A8DF2D657C670098A775 /* PBXContainerItemProxy */ = {
			isa = PBXContainerItemProxy;
			containerPortal = 11D2E4CD2D1012BF00A76F3C /* Project object */;
			proxyType = 1;
			remoteGlobalIDString = 11A4A8C02D6570530098A775;
			remoteInfo = vpnSystemExtension;
		};
/* End PBXContainerItemProxy section */

/* Begin PBXCopyFilesBuildPhase section */
		11719C8F2D2B818A00189F35 /* Embed ExtensionKit Extensions */ = {
			isa = PBXCopyFilesBuildPhase;
			buildActionMask = 2147483647;
			dstPath = "";
			dstSubfolderSpec = 13;
			files = (
				11719C8C2D2B818A00189F35 /* VpnNetworkExtension.appex in Embed ExtensionKit Extensions */,
			);
			name = "Embed ExtensionKit Extensions";
			runOnlyForDeploymentPostprocessing = 0;
		};
		11A4A8E12D657C680098A775 /* Embed System Extensions */ = {
			isa = PBXCopyFilesBuildPhase;
			buildActionMask = 2147483647;
			dstPath = "$(SYSTEM_EXTENSIONS_FOLDER_PATH)";
			dstSubfolderSpec = 16;
			files = (
				11A4A8DE2D657C670098A775 /* com.clevervpn.appex.system.systemextension in Embed System Extensions */,
			);
			name = "Embed System Extensions";
			runOnlyForDeploymentPostprocessing = 0;
		};
		11F261002F74D542001270C8 /* Embed Frameworks */ = {
			isa = PBXCopyFilesBuildPhase;
			buildActionMask = 2147483647;
			dstPath = "";
			dstSubfolderSpec = 10;
			files = (
			);
			name = "Embed Frameworks";
			runOnlyForDeploymentPostprocessing = 0;
		};
		11F261042F74D54C001270C8 /* Embed Frameworks */ = {
			isa = PBXCopyFilesBuildPhase;
			buildActionMask = 2147483647;
			dstPath = "";
			dstSubfolderSpec = 10;
			files = (
			);
			name = "Embed Frameworks";
			runOnlyForDeploymentPostprocessing = 0;
		};
		11F261082F74D55B001270C8 /* Embed Frameworks */ = {
			isa = PBXCopyFilesBuildPhase;
			buildActionMask = 2147483647;
			dstPath = "";
			dstSubfolderSpec = 10;
			files = (
			);
			name = "Embed Frameworks";
			runOnlyForDeploymentPostprocessing = 0;
		};
		11F2610C2F74D561001270C8 /* Embed Frameworks */ = {
			isa = PBXCopyFilesBuildPhase;
			buildActionMask = 2147483647;
			dstPath = "";
			dstSubfolderSpec = 10;
			files = (
			);
			name = "Embed Frameworks";
			runOnlyForDeploymentPostprocessing = 0;
		};
/* End PBXCopyFilesBuildPhase section */

/* Begin PBXFileReference section */
		1109E5912F7A230C00AABC43 /* memo.md */ = {isa = PBXFileReference; lastKnownFileType = net.daringfireball.markdown; path = memo.md; sourceTree = "<group>"; };
		1174D5CD2D21179300D8A5C9 /* NetworkExtension.framework */ = {isa = PBXFileReference; lastKnownFileType = wrapper.framework; name = NetworkExtension.framework; path = Platforms/AppleTVOS.platform/Developer/SDKs/AppleTVOS18.2.sdk/System/Library/Frameworks/NetworkExtension.framework; sourceTree = DEVELOPER_DIR; };
		1174D5CF2D211B9300D8A5C9 /* Network.framework */ = {isa = PBXFileReference; lastKnownFileType = wrapper.framework; name = Network.framework; path = Platforms/AppleTVOS.platform/Developer/SDKs/AppleTVOS18.2.sdk/System/Library/Frameworks/Network.framework; sourceTree = DEVELOPER_DIR; };
		1174D5E62D23BF9200D8A5C9 /* VpnNetworkExtension.appex */ = {isa = PBXFileReference; explicitFileType = "wrapper.extensionkit-extension"; includeInIndex = 0; path = VpnNetworkExtension.appex; sourceTree = BUILT_PRODUCTS_DIR; };
		1174D5F92D23F2E300D8A5C9 /* CleverVPN.app */ = {isa = PBXFileReference; explicitFileType = wrapper.application; includeInIndex = 0; path = CleverVPN.app; sourceTree = BUILT_PRODUCTS_DIR; };
		11A4A88C2D64BA7E0098A775 /* CleverVpnEx.app */ = {isa = PBXFileReference; explicitFileType = wrapper.application; includeInIndex = 0; path = CleverVpnEx.app; sourceTree = BUILT_PRODUCTS_DIR; };
		11A4A8C12D6570530098A775 /* com.clevervpn.appex.system.systemextension */ = {isa = PBXFileReference; explicitFileType = "wrapper.system-extension"; includeInIndex = 0; path = com.clevervpn.appex.system.systemextension; sourceTree = BUILT_PRODUCTS_DIR; };
		11C7CE642E5589DB000AECFF /* README.md */ = {isa = PBXFileReference; lastKnownFileType = net.daringfireball.markdown; path = README.md; sourceTree = "<group>"; };
		11D097572E40750800E15B7B /* NetworkExtension.framework */ = {isa = PBXFileReference; lastKnownFileType = wrapper.framework; name = NetworkExtension.framework; path = Platforms/iPhoneOS.platform/Developer/SDKs/iPhoneOS18.5.sdk/System/Library/Frameworks/NetworkExtension.framework; sourceTree = DEVELOPER_DIR; };
		11D097592E40751A00E15B7B /* NetworkExtension.framework */ = {isa = PBXFileReference; lastKnownFileType = wrapper.framework; name = NetworkExtension.framework; path = System/Library/Frameworks/NetworkExtension.framework; sourceTree = SDKROOT; };
		11D2E5472D111B8800A76F3C /* Config.xcconfig */ = {isa = PBXFileReference; lastKnownFileType = text.xcconfig; path = Config.xcconfig; sourceTree = "<group>"; };
		11D2E5482D111B8800A76F3C /* Developer.xcconfig */ = {isa = PBXFileReference; lastKnownFileType = text.xcconfig; path = Developer.xcconfig; sourceTree = "<group>"; };
		11D2E5492D111B8800A76F3C /* Version.xcconfig */ = {isa = PBXFileReference; lastKnownFileType = text.xcconfig; path = Version.xcconfig; sourceTree = "<group>"; };
/* End PBXFileReference section */

/* Begin PBXFileSystemSynchronizedBuildFileExceptionSet section */
		112653F42D3AB35D00EC470F /* Exceptions for "App" folder in "CleverVpn" target */ = {
			isa = PBXFileSystemSynchronizedBuildFileExceptionSet;
			membershipExceptions = (
				Info.plist,
				"System Extension/SystemExtensionManager.swift",
			);
			target = 1174D5F82D23F2E300D8A5C9 /* CleverVpn */;
		};
		1174D5EC2D23BF9200D8A5C9 /* Exceptions for "VpnNetworkExtension" folder in "VpnNetworkExtension" target */ = {
			isa = PBXFileSystemSynchronizedBuildFileExceptionSet;
			membershipExceptions = (
				Info.plist,
				InfoEx.plist,
				main.swift,
			);
			target = 1174D5E52D23BF9200D8A5C9 /* VpnNetworkExtension */;
		};
		11A4A88D2D64BA7E0098A775 /* Exceptions for "App" folder in "CleverVpnEx" target */ = {
			isa = PBXFileSystemSynchronizedBuildFileExceptionSet;
			membershipExceptions = (
				Info.plist,
			);
			target = 11A4A8732D64BA7E0098A775 /* CleverVpnEx */;
		};
		11A4A8DC2D657B910098A775 /* Exceptions for "VpnNetworkExtension" folder in "VpnSystemExtension" target */ = {
			isa = PBXFileSystemSynchronizedBuildFileExceptionSet;
			membershipExceptions = (
				main.swift,
				VpnNetworkExtension.swift,
			);
			target = 11A4A8C02D6570530098A775 /* VpnSystemExtension */;
		};
/* End PBXFileSystemSynchronizedBuildFileExceptionSet section */

/* Begin PBXFileSystemSynchronizedRootGroup section */
		1174D5E72D23BF9200D8A5C9 /* VpnNetworkExtension */ = {
			isa = PBXFileSystemSynchronizedRootGroup;
			exceptions = (
				1174D5EC2D23BF9200D8A5C9 /* Exceptions for "VpnNetworkExtension" folder in "VpnNetworkExtension" target */,
				11A4A8DC2D657B910098A775 /* Exceptions for "VpnNetworkExtension" folder in "VpnSystemExtension" target */,
			);
			path = VpnNetworkExtension;
			sourceTree = "<group>";
		};
		1174D5FA2D23F2E300D8A5C9 /* App */ = {
			isa = PBXFileSystemSynchronizedRootGroup;
			exceptions = (
				112653F42D3AB35D00EC470F /* Exceptions for "App" folder in "CleverVpn" target */,
				11A4A88D2D64BA7E0098A775 /* Exceptions for "App" folder in "CleverVpnEx" target */,
			);
			path = App;
			sourceTree = "<group>";
		};
/* End PBXFileSystemSynchronizedRootGroup section */

/* Begin PBXFrameworksBuildPhase section */
		1174D5E32D23BF9200D8A5C9 /* Frameworks */ = {
			isa = PBXFrameworksBuildPhase;
			buildActionMask = 2147483647;
			files = (
				11D097582E40750800E15B7B /* NetworkExtension.framework in Frameworks */,
				1109E58C2F7A1FBB00AABC43 /* CleverVpnKit in Frameworks */,
			);
			runOnlyForDeploymentPostprocessing = 0;
		};
		1174D5F62D23F2E300D8A5C9 /* Frameworks */ = {
			isa = PBXFrameworksBuildPhase;
			buildActionMask = 2147483647;
			files = (
				112654072D3B6A6800EC470F /* CodeScanner in Frameworks */,
				1109E58A2F7A1FB400AABC43 /* CleverVpnKit in Frameworks */,
			);
			runOnlyForDeploymentPostprocessing = 0;
		};
		11A4A87F2D64BA7E0098A775 /* Frameworks */ = {
			isa = PBXFrameworksBuildPhase;
			buildActionMask = 2147483647;
			files = (
				11A4A8822D64BA7E0098A775 /* CodeScanner in Frameworks */,
				1109E58E2F7A1FC200AABC43 /* CleverVpnKit in Frameworks */,
			);
			runOnlyForDeploymentPostprocessing = 0;
		};
		11A4A8BE2D6570530098A775 /* Frameworks */ = {
			isa = PBXFrameworksBuildPhase;
			buildActionMask = 2147483647;
			files = (
				11D0975A2E40751A00E15B7B /* NetworkExtension.framework in Frameworks */,
				1109E5902F7A1FC900AABC43 /* CleverVpnKit in Frameworks */,
			);
			runOnlyForDeploymentPostprocessing = 0;
		};
/* End PBXFrameworksBuildPhase section */

/* Begin PBXGroup section */
		1174D5512D18465500D8A5C9 /* docs */ = {
			isa = PBXGroup;
			children = (
				1109E5912F7A230C00AABC43 /* memo.md */,
			);
			path = docs;
			sourceTree = "<group>";
		};
		11D2E4CC2D1012BF00A76F3C = {
			isa = PBXGroup;
			children = (
				11C7CE642E5589DB000AECFF /* README.md */,
				1174D5512D18465500D8A5C9 /* docs */,
				11D2E54A2D111B8800A76F3C /* Config */,
				1174D5E72D23BF9200D8A5C9 /* VpnNetworkExtension */,
				1174D5FA2D23F2E300D8A5C9 /* App */,
				11D2E5442D111A2800A76F3C /* Frameworks */,
				11D2E4D72D1012BF00A76F3C /* Products */,
			);
			sourceTree = "<group>";
		};
		11D2E4D72D1012BF00A76F3C /* Products */ = {
			isa = PBXGroup;
			children = (
				1174D5E62D23BF9200D8A5C9 /* VpnNetworkExtension.appex */,
				1174D5F92D23F2E300D8A5C9 /* CleverVPN.app */,
				11A4A88C2D64BA7E0098A775 /* CleverVpnEx.app */,
				11A4A8C12D6570530098A775 /* com.clevervpn.appex.system.systemextension */,
			);
			name = Products;
			sourceTree = "<group>";
		};
		11D2E5442D111A2800A76F3C /* Frameworks */ = {
			isa = PBXGroup;
			children = (
				11D097572E40750800E15B7B /* NetworkExtension.framework */,
				11D097592E40751A00E15B7B /* NetworkExtension.framework */,
				1174D5CF2D211B9300D8A5C9 /* Network.framework */,
				1174D5CD2D21179300D8A5C9 /* NetworkExtension.framework */,
			);
			name = Frameworks;
			sourceTree = "<group>";
		};
		11D2E54A2D111B8800A76F3C /* Config */ = {
			isa = PBXGroup;
			children = (
				11D2E5472D111B8800A76F3C /* Config.xcconfig */,
				11D2E5482D111B8800A76F3C /* Developer.xcconfig */,
				11D2E5492D111B8800A76F3C /* Version.xcconfig */,
			);
			path = Config;
			sourceTree = "<group>";
		};
/* End PBXGroup section */

/* Begin PBXNativeTarget section */
		1174D5E52D23BF9200D8A5C9 /* VpnNetworkExtension */ = {
			isa = PBXNativeTarget;
			buildConfigurationList = 1174D5ED2D23BF9200D8A5C9 /* Build configuration list for PBXNativeTarget "VpnNetworkExtension" */;
			buildPhases = (
				1174D5E22D23BF9200D8A5C9 /* Sources */,
				1174D5E32D23BF9200D8A5C9 /* Frameworks */,
				1174D5E42D23BF9200D8A5C9 /* Resources */,
				11F261002F74D542001270C8 /* Embed Frameworks */,
			);
			buildRules = (
			);
			dependencies = (
			);
			fileSystemSynchronizedGroups = (
				1174D5E72D23BF9200D8A5C9 /* VpnNetworkExtension */,
			);
			name = VpnNetworkExtension;
			packageProductDependencies = (
				1109E58B2F7A1FBB00AABC43 /* CleverVpnKit */,
			);
			productName = VpnNetworkExtension;
			productReference = 1174D5E62D23BF9200D8A5C9 /* VpnNetworkExtension.appex */;
			productType = "com.apple.product-type.extensionkit-extension";
		};
		1174D5F82D23F2E300D8A5C9 /* CleverVpn */ = {
			isa = PBXNativeTarget;
			buildConfigurationList = 1174D61B2D23F2E600D8A5C9 /* Build configuration list for PBXNativeTarget "CleverVpn" */;
			buildPhases = (
				1174D5F52D23F2E300D8A5C9 /* Sources */,
				1174D5F62D23F2E300D8A5C9 /* Frameworks */,
				1174D5F72D23F2E300D8A5C9 /* Resources */,
				11719C8F2D2B818A00189F35 /* Embed ExtensionKit Extensions */,
				11F261042F74D54C001270C8 /* Embed Frameworks */,
			);
			buildRules = (
			);
			dependencies = (
				11719C8E2D2B818A00189F35 /* PBXTargetDependency */,
			);
			fileSystemSynchronizedGroups = (
				1174D5FA2D23F2E300D8A5C9 /* App */,
			);
			name = CleverVpn;
			packageProductDependencies = (
				112654062D3B6A6800EC470F /* CodeScanner */,
				1109E5892F7A1FB400AABC43 /* CleverVpnKit */,
			);
			productName = VpnUi;
			productReference = 1174D5F92D23F2E300D8A5C9 /* CleverVPN.app */;
			productType = "com.apple.product-type.application";
		};
		11A4A8732D64BA7E0098A775 /* CleverVpnEx */ = {
			isa = PBXNativeTarget;
			buildConfigurationList = 11A4A8892D64BA7E0098A775 /* Build configuration list for PBXNativeTarget "CleverVpnEx" */;
			buildPhases = (
				11A4A87E2D64BA7E0098A775 /* Sources */,
				11A4A87F2D64BA7E0098A775 /* Frameworks */,
				11A4A8832D64BA7E0098A775 /* Resources */,
				11A4A8E12D657C680098A775 /* Embed System Extensions */,
				11F1A0012FEAA11100D00A11 /* Sync Debug App To Applications */,
				11F261082F74D55B001270C8 /* Embed Frameworks */,
			);
			buildRules = (
			);
			dependencies = (
				11A4A8E02D657C670098A775 /* PBXTargetDependency */,
			);
			fileSystemSynchronizedGroups = (
				1174D5FA2D23F2E300D8A5C9 /* App */,
			);
			name = CleverVpnEx;
			packageProductDependencies = (
				11A4A87C2D64BA7E0098A775 /* CodeScanner */,
				1109E58D2F7A1FC200AABC43 /* CleverVpnKit */,
			);
			productName = VpnUi;
			productReference = 11A4A88C2D64BA7E0098A775 /* CleverVpnEx.app */;
			productType = "com.apple.product-type.application";
		};
		11A4A8C02D6570530098A775 /* VpnSystemExtension */ = {
			isa = PBXNativeTarget;
			buildConfigurationList = 11A4A8CD2D6570530098A775 /* Build configuration list for PBXNativeTarget "VpnSystemExtension" */;
			buildPhases = (
				11A4A8BD2D6570530098A775 /* Sources */,
				11A4A8BE2D6570530098A775 /* Frameworks */,
				11A4A8BF2D6570530098A775 /* Resources */,
				11F2610C2F74D561001270C8 /* Embed Frameworks */,
			);
			buildRules = (
			);
			dependencies = (
			);
			name = VpnSystemExtension;
			packageProductDependencies = (
				1109E58F2F7A1FC900AABC43 /* CleverVpnKit */,
			);
			productName = vpnSystemExtension;
			productReference = 11A4A8C12D6570530098A775 /* com.clevervpn.appex.system.systemextension */;
			productType = "com.apple.product-type.system-extension";
		};
/* End PBXNativeTarget section */

/* Begin PBXProject section */
		11D2E4CD2D1012BF00A76F3C /* Project object */ = {
			isa = PBXProject;
			attributes = {
				BuildIndependentTargetsInParallel = 1;
				LastSwiftUpdateCheck = 1620;
				LastUpgradeCheck = 1640;
				TargetAttributes = {
					1174D5E52D23BF9200D8A5C9 = {
						CreatedOnToolsVersion = 16.2;
					};
					1174D5F82D23F2E300D8A5C9 = {
						CreatedOnToolsVersion = 16.2;
					};
					11A4A8C02D6570530098A775 = {
						CreatedOnToolsVersion = 16.2;
					};
				};
			};
			buildConfigurationList = 11D2E4D02D1012BF00A76F3C /* Build configuration list for PBXProject "CleverVpn" */;
			developmentRegion = en;
			hasScannedForEncodings = 0;
			knownRegions = (
				en,
				Base,
				"zh-Hans",
			);
			mainGroup = 11D2E4CC2D1012BF00A76F3C;
			minimizedProjectReferenceProxies = 1;
			packageReferences = (
				112654032D3B68CD00EC470F /* XCRemoteSwiftPackageReference "CodeScanner" */,
				1109E5882F7A1FA300AABC43 /* XCRemoteSwiftPackageReference "clever-vpn-kit" */,
			);
			preferredProjectObjectVersion = 77;
			productRefGroup = 11D2E4D72D1012BF00A76F3C /* Products */;
			projectDirPath = "";
			projectRoot = "";
			targets = (
				1174D5E52D23BF9200D8A5C9 /* VpnNetworkExtension */,
				1174D5F82D23F2E300D8A5C9 /* CleverVpn */,
				11A4A8732D64BA7E0098A775 /* CleverVpnEx */,
				11A4A8C02D6570530098A775 /* VpnSystemExtension */,
			);
		};
/* End PBXProject section */

/* Begin PBXResourcesBuildPhase section */
		1174D5E42D23BF9200D8A5C9 /* Resources */ = {
			isa = PBXResourcesBuildPhase;
			buildActionMask = 2147483647;
			files = (
			);
			runOnlyForDeploymentPostprocessing = 0;
		};
		1174D5F72D23F2E300D8A5C9 /* Resources */ = {
			isa = PBXResourcesBuildPhase;
			buildActionMask = 2147483647;
			files = (
			);
			runOnlyForDeploymentPostprocessing = 0;
		};
		11A4A8832D64BA7E0098A775 /* Resources */ = {
			isa = PBXResourcesBuildPhase;
			buildActionMask = 2147483647;
			files = (
			);
			runOnlyForDeploymentPostprocessing = 0;
		};
		11A4A8BF2D6570530098A775 /* Resources */ = {
			isa = PBXResourcesBuildPhase;
			buildActionMask = 2147483647;
			files = (
			);
			runOnlyForDeploymentPostprocessing = 0;
		};
/* End PBXResourcesBuildPhase section */

/* Begin PBXShellScriptBuildPhase section */
		11F1A0012FEAA11100D00A11 /* Sync Debug App To Applications */ = {
			isa = PBXShellScriptBuildPhase;
			buildActionMask = 2147483647;
			files = (
			);
			inputFileListPaths = (
			);
			inputPaths = (
				"$(TARGET_BUILD_DIR)/$(WRAPPER_NAME)",
			);
			name = "Sync Debug App To Applications";
			outputFileListPaths = (
			);
			outputPaths = (
				"/Applications/$(WRAPPER_NAME)",
			);
			runOnlyForDeploymentPostprocessing = 0;
			shellPath = /bin/sh;
			shellScript = "/bin/sh \"${SRCROOT}/scripts/sync_and_optionally_notarize_debug_app.sh\"\n";
		};
/* End PBXShellScriptBuildPhase section */

/* Begin PBXSourcesBuildPhase section */
		1174D5E22D23BF9200D8A5C9 /* Sources */ = {
			isa = PBXSourcesBuildPhase;
			buildActionMask = 2147483647;
			files = (
			);
			runOnlyForDeploymentPostprocessing = 0;
		};
		1174D5F52D23F2E300D8A5C9 /* Sources */ = {
			isa = PBXSourcesBuildPhase;
			buildActionMask = 2147483647;
			files = (
			);
			runOnlyForDeploymentPostprocessing = 0;
		};
		11A4A87E2D64BA7E0098A775 /* Sources */ = {
			isa = PBXSourcesBuildPhase;
			buildActionMask = 2147483647;
			files = (
			);
			runOnlyForDeploymentPostprocessing = 0;
		};
		11A4A8BD2D6570530098A775 /* Sources */ = {
			isa = PBXSourcesBuildPhase;
			buildActionMask = 2147483647;
			files = (
			);
			runOnlyForDeploymentPostprocessing = 0;
		};
/* End PBXSourcesBuildPhase section */

/* Begin PBXTargetDependency section */
		11719C8E2D2B818A00189F35 /* PBXTargetDependency */ = {
			isa = PBXTargetDependency;
			target = 1174D5E52D23BF9200D8A5C9 /* VpnNetworkExtension */;
			targetProxy = 11719C8D2D2B818A00189F35 /* PBXContainerItemProxy */;
		};
		11A4A8E02D657C670098A775 /* PBXTargetDependency */ = {
			isa = PBXTargetDependency;
			target = 11A4A8C02D6570530098A775 /* VpnSystemExtension */;
			targetProxy = 11A4A8DF2D657C670098A775 /* PBXContainerItemProxy */;
		};
/* End PBXTargetDependency section */

/* Begin XCBuildConfiguration section */
		1174D5EE2D23BF9200D8A5C9 /* Debug */ = {
			isa = XCBuildConfiguration;
			buildSettings = {
				APP_GROUP_ID = "";
				"APP_GROUP_ID[sdk=iphoneos*]" = "group.${APP_ID}";
				"APP_GROUP_ID[sdk=macosx*]" = "${DEVELOPMENT_TEAM}.group.${APP_ID}";
				CODE_SIGN_ENTITLEMENTS = VpnNetworkExtension/VpnNetworkExtension.entitlements;
				CODE_SIGN_STYLE = Automatic;
				CURRENT_PROJECT_VERSION = "${VERSION_ID}";
				DEAD_CODE_STRIPPING = YES;
				DEVELOPMENT_TEAM = MK7X98FMYX;
				ENABLE_HARDENED_RUNTIME = YES;
				GENERATE_INFOPLIST_FILE = YES;
				INFOPLIST_FILE = VpnNetworkExtension/Info.plist;
				INFOPLIST_KEY_CFBundleDisplayName = VpnNetworkExtension;
				INFOPLIST_KEY_LSApplicationCategoryType = "";
				INFOPLIST_KEY_NSHumanReadableCopyright = "";
				IPHONEOS_DEPLOYMENT_TARGET = 15;
				LD_RUNPATH_SEARCH_PATHS = (
					"$(inherited)",
					"@executable_path/Frameworks",
					"@executable_path/../../Frameworks",
				);
				"LD_RUNPATH_SEARCH_PATHS[sdk=macosx*]" = (
					"$(inherited)",
					"@executable_path/../Frameworks",
					"@executable_path/../../../../Frameworks",
				);
				MACOSX_DEPLOYMENT_TARGET = 13;
				MARKETING_VERSION = "${VERSION_NAME}";
				PRODUCT_BUNDLE_IDENTIFIER = "${APP_ID}.network-extension";
				PRODUCT_NAME = "$(TARGET_NAME)";
				REGISTER_APP_GROUPS = YES;
				SDKROOT = auto;
				SKIP_INSTALL = YES;
				SUPPORTED_PLATFORMS = "iphoneos iphonesimulator macosx";
				SUPPORTS_MACCATALYST = NO;
				SWIFT_EMIT_LOC_STRINGS = YES;
				SWIFT_OBJC_BRIDGING_HEADER = "";
				SWIFT_VERSION = 5.0;
				TARGETED_DEVICE_FAMILY = "1,2";
				XROS_DEPLOYMENT_TARGET = 2.2;
			};
			name = Debug;
		};
		1174D5EF2D23BF9200D8A5C9 /* Release */ = {
			isa = XCBuildConfiguration;
			buildSettings = {
				APP_GROUP_ID = "";
				"APP_GROUP_ID[sdk=iphoneos*]" = "group.${APP_ID}";
				"APP_GROUP_ID[sdk=macosx*]" = "${DEVELOPMENT_TEAM}.group.${APP_ID}";
				CODE_SIGN_ENTITLEMENTS = VpnNetworkExtension/VpnNetworkExtension.entitlements;
				CODE_SIGN_STYLE = Automatic;
				CURRENT_PROJECT_VERSION = "${VERSION_ID}";
				DEAD_CODE_STRIPPING = YES;
				DEVELOPMENT_TEAM = MK7X98FMYX;
				ENABLE_HARDENED_RUNTIME = YES;
				GENERATE_INFOPLIST_FILE = YES;
				INFOPLIST_FILE = VpnNetworkExtension/Info.plist;
				INFOPLIST_KEY_CFBundleDisplayName = VpnNetworkExtension;
				INFOPLIST_KEY_LSApplicationCategoryType = "";
				INFOPLIST_KEY_NSHumanReadableCopyright = "";
				IPHONEOS_DEPLOYMENT_TARGET = 15;
				LD_RUNPATH_SEARCH_PATHS = (
					"$(inherited)",
					"@executable_path/Frameworks",
					"@executable_path/../../Frameworks",
				);
				"LD_RUNPATH_SEARCH_PATHS[sdk=macosx*]" = (
					"$(inherited)",
					"@executable_path/../Frameworks",
					"@executable_path/../../../../Frameworks",
				);
				MACOSX_DEPLOYMENT_TARGET = 13;
				MARKETING_VERSION = "${VERSION_NAME}";
				PRODUCT_BUNDLE_IDENTIFIER = "${APP_ID}.network-extension";
				PRODUCT_NAME = "$(TARGET_NAME)";
				REGISTER_APP_GROUPS = YES;
				SDKROOT = auto;
				SKIP_INSTALL = YES;
				SUPPORTED_PLATFORMS = "iphoneos iphonesimulator macosx";
				SUPPORTS_MACCATALYST = NO;
				SWIFT_EMIT_LOC_STRINGS = YES;
				SWIFT_OBJC_BRIDGING_HEADER = "";
				SWIFT_VERSION = 5.0;
				TARGETED_DEVICE_FAMILY = "1,2";
				XROS_DEPLOYMENT_TARGET = 2.2;
			};
			name = Release;
		};
		1174D61C2D23F2E600D8A5C9 /* Debug */ = {
			isa = XCBuildConfiguration;
			buildSettings = {
				APP_GROUP_ID = "";
				"APP_GROUP_ID[sdk=iphoneos*]" = "group.${APP_ID}";
				"APP_GROUP_ID[sdk=macosx*]" = "${DEVELOPMENT_TEAM}.group.${APP_ID}";
				ASSETCATALOG_COMPILER_APPICON_NAME = AppIcon;
				"ASSETCATALOG_COMPILER_APPICON_NAME[sdk=iphone*]" = "AppIcon-iOS";
				"ASSETCATALOG_COMPILER_APPICON_NAME[sdk=macosx*]" = "AppIcon-macOS";
				ASSETCATALOG_COMPILER_GLOBAL_ACCENT_COLOR_NAME = AccentColor;
				ASSETCATALOG_COMPILER_INCLUDE_ALL_APPICON_ASSETS = NO;
				CODE_SIGN_ENTITLEMENTS = App/VpnUi.entitlements;
				CODE_SIGN_STYLE = Automatic;
				CURRENT_PROJECT_VERSION = "${VERSION_ID}";
				DEAD_CODE_STRIPPING = YES;
				DEVELOPMENT_ASSET_PATHS = "\"App/Preview Content\"";
				DEVELOPMENT_TEAM = MK7X98FMYX;
				ENABLE_HARDENED_RUNTIME = YES;
				ENABLE_PREVIEWS = YES;
				GENERATE_INFOPLIST_FILE = YES;
				INFOPLIST_FILE = App/Info.plist;
				INFOPLIST_KEY_CFBundleDisplayName = "Clever VPN";
				INFOPLIST_KEY_LSApplicationCategoryType = "public.app-category.utilities";
				INFOPLIST_KEY_NSCameraUsageDescription = "This app requires access to the camera to scan QR codes.";
				"INFOPLIST_KEY_UIApplicationSceneManifest_Generation[sdk=iphoneos*]" = YES;
				"INFOPLIST_KEY_UIApplicationSceneManifest_Generation[sdk=iphonesimulator*]" = YES;
				"INFOPLIST_KEY_UIApplicationSupportsIndirectInputEvents[sdk=iphoneos*]" = YES;
				"INFOPLIST_KEY_UIApplicationSupportsIndirectInputEvents[sdk=iphonesimulator*]" = YES;
				"INFOPLIST_KEY_UILaunchScreen_Generation[sdk=iphoneos*]" = YES;
				"INFOPLIST_KEY_UILaunchScreen_Generation[sdk=iphonesimulator*]" = YES;
				"INFOPLIST_KEY_UIStatusBarStyle[sdk=iphoneos*]" = UIStatusBarStyleDefault;
				"INFOPLIST_KEY_UIStatusBarStyle[sdk=iphonesimulator*]" = UIStatusBarStyleDefault;
				INFOPLIST_KEY_UISupportedInterfaceOrientations_iPad = "UIInterfaceOrientationPortrait UIInterfaceOrientationPortraitUpsideDown UIInterfaceOrientationLandscapeLeft UIInterfaceOrientationLandscapeRight";
				INFOPLIST_KEY_UISupportedInterfaceOrientations_iPhone = "UIInterfaceOrientationPortrait UIInterfaceOrientationLandscapeLeft UIInterfaceOrientationLandscapeRight";
				IPHONEOS_DEPLOYMENT_TARGET = 15;
				LD_RUNPATH_SEARCH_PATHS = "@executable_path/Frameworks";
				"LD_RUNPATH_SEARCH_PATHS[sdk=macosx*]" = "@executable_path/../Frameworks";
				MACOSX_DEPLOYMENT_TARGET = 13;
				MARKETING_VERSION = "${VERSION_NAME}";
				PRODUCT_BUNDLE_IDENTIFIER = "${APP_ID}";
				PRODUCT_NAME = CleverVPN;
				REGISTER_APP_GROUPS = YES;
				SDKROOT = auto;
				SUPPORTED_PLATFORMS = "iphoneos iphonesimulator macosx";
				SUPPORTS_MACCATALYST = NO;
				SWIFT_ACTIVE_COMPILATION_CONDITIONS = DEBUG;
				SWIFT_EMIT_LOC_STRINGS = YES;
				SWIFT_OBJC_BRIDGING_HEADER = "";
				SWIFT_VERSION = 5.0;
				TARGETED_DEVICE_FAMILY = "1,2";
				XROS_DEPLOYMENT_TARGET = 2.2;
			};
			name = Debug;
		};
		1174D61D2D23F2E600D8A5C9 /* Release */ = {
			isa = XCBuildConfiguration;
			buildSettings = {
				APP_GROUP_ID = "";
				"APP_GROUP_ID[sdk=iphoneos*]" = "group.${APP_ID}";
				"APP_GROUP_ID[sdk=macosx*]" = "${DEVELOPMENT_TEAM}.group.${APP_ID}";
				ASSETCATALOG_COMPILER_APPICON_NAME = AppIcon;
				"ASSETCATALOG_COMPILER_APPICON_NAME[sdk=iphoneos*]" = "AppIcon-iOS";
				"ASSETCATALOG_COMPILER_APPICON_NAME[sdk=macosx*]" = "AppIcon-macOS";
				ASSETCATALOG_COMPILER_GLOBAL_ACCENT_COLOR_NAME = AccentColor;
				ASSETCATALOG_COMPILER_INCLUDE_ALL_APPICON_ASSETS = NO;
				CODE_SIGN_ENTITLEMENTS = App/VpnUi.entitlements;
				CODE_SIGN_STYLE = Automatic;
				CURRENT_PROJECT_VERSION = "${VERSION_ID}";
				DEAD_CODE_STRIPPING = YES;
				DEVELOPMENT_ASSET_PATHS = "\"App/Preview Content\"";
				DEVELOPMENT_TEAM = MK7X98FMYX;
				ENABLE_HARDENED_RUNTIME = YES;
				ENABLE_PREVIEWS = YES;
				GENERATE_INFOPLIST_FILE = YES;
				INFOPLIST_FILE = App/Info.plist;
				INFOPLIST_KEY_CFBundleDisplayName = "Clever VPN";
				INFOPLIST_KEY_LSApplicationCategoryType = "public.app-category.utilities";
				INFOPLIST_KEY_NSCameraUsageDescription = "This app requires access to the camera to scan QR codes.";
				"INFOPLIST_KEY_UIApplicationSceneManifest_Generation[sdk=iphoneos*]" = YES;
				"INFOPLIST_KEY_UIApplicationSceneManifest_Generation[sdk=iphonesimulator*]" = YES;
				"INFOPLIST_KEY_UIApplicationSupportsIndirectInputEvents[sdk=iphoneos*]" = YES;
				"INFOPLIST_KEY_UIApplicationSupportsIndirectInputEvents[sdk=iphonesimulator*]" = YES;
				"INFOPLIST_KEY_UILaunchScreen_Generation[sdk=iphoneos*]" = YES;
				"INFOPLIST_KEY_UILaunchScreen_Generation[sdk=iphonesimulator*]" = YES;
				"INFOPLIST_KEY_UIStatusBarStyle[sdk=iphoneos*]" = UIStatusBarStyleDefault;
				"INFOPLIST_KEY_UIStatusBarStyle[sdk=iphonesimulator*]" = UIStatusBarStyleDefault;
				INFOPLIST_KEY_UISupportedInterfaceOrientations_iPad = "UIInterfaceOrientationPortrait UIInterfaceOrientationPortraitUpsideDown UIInterfaceOrientationLandscapeLeft UIInterfaceOrientationLandscapeRight";
				INFOPLIST_KEY_UISupportedInterfaceOrientations_iPhone = "UIInterfaceOrientationPortrait UIInterfaceOrientationLandscapeLeft UIInterfaceOrientationLandscapeRight";
				IPHONEOS_DEPLOYMENT_TARGET = 15;
				LD_RUNPATH_SEARCH_PATHS = "@executable_path/Frameworks";
				"LD_RUNPATH_SEARCH_PATHS[sdk=macosx*]" = "@executable_path/../Frameworks";
				MACOSX_DEPLOYMENT_TARGET = 13;
				MARKETING_VERSION = "${VERSION_NAME}";
				PRODUCT_BUNDLE_IDENTIFIER = "${APP_ID}";
				PRODUCT_NAME = CleverVPN;
				REGISTER_APP_GROUPS = YES;
				SDKROOT = auto;
				SUPPORTED_PLATFORMS = "iphoneos iphonesimulator macosx";
				SUPPORTS_MACCATALYST = NO;
				SWIFT_ACTIVE_COMPILATION_CONDITIONS = "";
				SWIFT_EMIT_LOC_STRINGS = YES;
				SWIFT_OBJC_BRIDGING_HEADER = "";
				SWIFT_VERSION = 5.0;
				TARGETED_DEVICE_FAMILY = "1,2";
				XROS_DEPLOYMENT_TARGET = 2.2;
			};
			name = Release;
		};
		11A4A88A2D64BA7E0098A775 /* Debug */ = {
			isa = XCBuildConfiguration;
			buildSettings = {
				APP_GROUP_ID = "${DEVELOPMENT_TEAM}.group.${APP_ID_MACOSEX}";
				ASSETCATALOG_COMPILER_APPICON_NAME = AppIcon;
				"ASSETCATALOG_COMPILER_APPICON_NAME[sdk=iphoneos*]" = "AppIcon-iOS";
				"ASSETCATALOG_COMPILER_APPICON_NAME[sdk=macosx*]" = "AppIcon-macOS";
				ASSETCATALOG_COMPILER_GLOBAL_ACCENT_COLOR_NAME = AccentColor;
				CODE_SIGN_ENTITLEMENTS = App/VpnUiEx.entitlements;
				CODE_SIGN_IDENTITY = "Apple Development";
				"CODE_SIGN_IDENTITY[sdk=macosx*]" = "Developer ID Application";
				CODE_SIGN_INJECT_BASE_ENTITLEMENTS = YES;
				CODE_SIGN_STYLE = Manual;
				CURRENT_PROJECT_VERSION = "${VERSION_ID}";
				DEAD_CODE_STRIPPING = YES;
				DEVELOPMENT_ASSET_PATHS = "\"App/Preview Content\"";
				DEVELOPMENT_TEAM = "";
				"DEVELOPMENT_TEAM[sdk=macosx*]" = MK7X98FMYX;
				ENABLE_DEBUG_DYLIB = NO;
				ENABLE_HARDENED_RUNTIME = NO;
				ENABLE_PREVIEWS = YES;
				ENABLE_USER_SCRIPT_SANDBOXING = NO;
				GENERATE_INFOPLIST_FILE = YES;
				INFOPLIST_FILE = App/Info.plist;
				INFOPLIST_KEY_NSCameraUsageDescription = "This app requires access to the camera to scan QR codes.";
				"INFOPLIST_KEY_UIApplicationSceneManifest_Generation[sdk=iphoneos*]" = YES;
				"INFOPLIST_KEY_UIApplicationSceneManifest_Generation[sdk=iphonesimulator*]" = YES;
				"INFOPLIST_KEY_UIApplicationSupportsIndirectInputEvents[sdk=iphoneos*]" = YES;
				"INFOPLIST_KEY_UIApplicationSupportsIndirectInputEvents[sdk=iphonesimulator*]" = YES;
				"INFOPLIST_KEY_UILaunchScreen_Generation[sdk=iphoneos*]" = YES;
				"INFOPLIST_KEY_UILaunchScreen_Generation[sdk=iphonesimulator*]" = YES;
				"INFOPLIST_KEY_UIStatusBarStyle[sdk=iphoneos*]" = UIStatusBarStyleDefault;
				"INFOPLIST_KEY_UIStatusBarStyle[sdk=iphonesimulator*]" = UIStatusBarStyleDefault;
				INFOPLIST_KEY_UISupportedInterfaceOrientations_iPad = "UIInterfaceOrientationPortrait UIInterfaceOrientationPortraitUpsideDown UIInterfaceOrientationLandscapeLeft UIInterfaceOrientationLandscapeRight";
				INFOPLIST_KEY_UISupportedInterfaceOrientations_iPhone = "UIInterfaceOrientationPortrait UIInterfaceOrientationLandscapeLeft UIInterfaceOrientationLandscapeRight";
				IPHONEOS_DEPLOYMENT_TARGET = 15;
				LD_RUNPATH_SEARCH_PATHS = "@executable_path/Frameworks";
				"LD_RUNPATH_SEARCH_PATHS[sdk=macosx*]" = "@executable_path/../Frameworks";
				MACOSX_DEPLOYMENT_TARGET = 13;
				MARKETING_VERSION = "${VERSION_NAME}";
				NOTARIZE_DEBUG_APP = YES;
				NOTARY_KEYCHAIN_PROFILE = "clevervpn-notary";
				OTHER_CODE_SIGN_FLAGS = "--timestamp";
				PRODUCT_BUNDLE_IDENTIFIER = "${APP_ID_MACOSEX}.standalone";
				PRODUCT_NAME = "$(TARGET_NAME)";
				PROVISIONING_PROFILE_SPECIFIER = "";
				"PROVISIONING_PROFILE_SPECIFIER[sdk=macosx*]" = "clevervpn appex";
				REGISTER_APP_GROUPS = YES;
				SDKROOT = auto;
				SUPPORTED_PLATFORMS = macosx;
				SUPPORTS_MACCATALYST = NO;
				SWIFT_ACTIVE_COMPILATION_CONDITIONS = DEBUG;
				SWIFT_EMIT_LOC_STRINGS = YES;
				SWIFT_OBJC_BRIDGING_HEADER = "";
				SWIFT_VERSION = 5.0;
				XROS_DEPLOYMENT_TARGET = 2.2;
			};
			name = Debug;
		};
		11A4A88B2D64BA7E0098A775 /* Release */ = {
			isa = XCBuildConfiguration;
			buildSettings = {
				APP_GROUP_ID = "${DEVELOPMENT_TEAM}.group.${APP_ID_MACOSEX}";
				ASSETCATALOG_COMPILER_APPICON_NAME = AppIcon;
				"ASSETCATALOG_COMPILER_APPICON_NAME[sdk=iphoneos*]" = "AppIcon-iOS";
				"ASSETCATALOG_COMPILER_APPICON_NAME[sdk=macosx*]" = "AppIcon-macOS";
				ASSETCATALOG_COMPILER_GLOBAL_ACCENT_COLOR_NAME = AccentColor;
				CODE_SIGN_ENTITLEMENTS = App/VpnUiEx.entitlements;
				"CODE_SIGN_IDENTITY[sdk=macosx*]" = "Developer ID Application";
				CODE_SIGN_INJECT_BASE_ENTITLEMENTS = NO;
				CODE_SIGN_STYLE = Manual;
				CURRENT_PROJECT_VERSION = "${VERSION_ID}";
				DEAD_CODE_STRIPPING = YES;
				DEVELOPMENT_ASSET_PATHS = "\"App/Preview Content\"";
				DEVELOPMENT_TEAM = "";
				"DEVELOPMENT_TEAM[sdk=macosx*]" = MK7X98FMYX;
				ENABLE_HARDENED_RUNTIME = YES;
				ENABLE_PREVIEWS = YES;
				ENABLE_USER_SCRIPT_SANDBOXING = NO;
				GENERATE_INFOPLIST_FILE = YES;
				INFOPLIST_FILE = App/Info.plist;
				INFOPLIST_KEY_NSCameraUsageDescription = "This app requires access to the camera to scan QR codes.";
				"INFOPLIST_KEY_UIApplicationSceneManifest_Generation[sdk=iphoneos*]" = YES;
				"INFOPLIST_KEY_UIApplicationSceneManifest_Generation[sdk=iphonesimulator*]" = YES;
				"INFOPLIST_KEY_UIApplicationSupportsIndirectInputEvents[sdk=iphoneos*]" = YES;
				"INFOPLIST_KEY_UIApplicationSupportsIndirectInputEvents[sdk=iphonesimulator*]" = YES;
				"INFOPLIST_KEY_UILaunchScreen_Generation[sdk=iphoneos*]" = YES;
				"INFOPLIST_KEY_UILaunchScreen_Generation[sdk=iphonesimulator*]" = YES;
				"INFOPLIST_KEY_UIStatusBarStyle[sdk=iphoneos*]" = UIStatusBarStyleDefault;
				"INFOPLIST_KEY_UIStatusBarStyle[sdk=iphonesimulator*]" = UIStatusBarStyleDefault;
				INFOPLIST_KEY_UISupportedInterfaceOrientations_iPad = "UIInterfaceOrientationPortrait UIInterfaceOrientationPortraitUpsideDown UIInterfaceOrientationLandscapeLeft UIInterfaceOrientationLandscapeRight";
				INFOPLIST_KEY_UISupportedInterfaceOrientations_iPhone = "UIInterfaceOrientationPortrait UIInterfaceOrientationLandscapeLeft UIInterfaceOrientationLandscapeRight";
				IPHONEOS_DEPLOYMENT_TARGET = 15;
				LD_RUNPATH_SEARCH_PATHS = "@executable_path/Frameworks";
				"LD_RUNPATH_SEARCH_PATHS[sdk=macosx*]" = "@executable_path/../Frameworks";
				MACOSX_DEPLOYMENT_TARGET = 13;
				MARKETING_VERSION = "${VERSION_NAME}";
				NOTARIZE_DEBUG_APP = "";
				OTHER_CODE_SIGN_FLAGS = "--timestamp";
				PRODUCT_BUNDLE_IDENTIFIER = "${APP_ID_MACOSEX}.standalone";
				PRODUCT_NAME = "$(TARGET_NAME)";
				PROVISIONING_PROFILE_SPECIFIER = "";
				"PROVISIONING_PROFILE_SPECIFIER[sdk=macosx*]" = "clevervpn appex";
				REGISTER_APP_GROUPS = YES;
				SDKROOT = auto;
				SUPPORTED_PLATFORMS = macosx;
				SUPPORTS_MACCATALYST = NO;
				SWIFT_ACTIVE_COMPILATION_CONDITIONS = "";
				SWIFT_EMIT_LOC_STRINGS = YES;
				SWIFT_OBJC_BRIDGING_HEADER = "";
				SWIFT_VERSION = 5.0;
				XROS_DEPLOYMENT_TARGET = 2.2;
			};
			name = Release;
		};
		11A4A8CE2D6570530098A775 /* Debug */ = {
			isa = XCBuildConfiguration;
			buildSettings = {
				APP_GROUP_ID = "${DEVELOPMENT_TEAM}.group.${APP_ID_MACOSEX}";
				CODE_SIGN_ENTITLEMENTS = VpnNetworkExtension/VpnSystemExtension.entitlements;
				"CODE_SIGN_IDENTITY[sdk=macosx*]" = "Developer ID Application";
				CODE_SIGN_INJECT_BASE_ENTITLEMENTS = NO;
				CODE_SIGN_STYLE = Manual;
				CURRENT_PROJECT_VERSION = "${VERSION_ID}";
				DEAD_CODE_STRIPPING = YES;
				DEVELOPMENT_TEAM = MK7X98FMYX;
				ENABLE_HARDENED_RUNTIME = YES;
				GENERATE_INFOPLIST_FILE = YES;
				INFOPLIST_FILE = VpnNetworkExtension/InfoEx.plist;
				INFOPLIST_KEY_CFBundleDisplayName = vpnSystemExtension;
				INFOPLIST_KEY_NSHumanReadableCopyright = "";
				INFOPLIST_KEY_NSSystemExtensionUsageDescription = "";
				LD_RUNPATH_SEARCH_PATHS = (
					"$(inherited)",
					"@executable_path/../Frameworks",
					"@executable_path/../../../../Frameworks",
				);
				MACOSX_DEPLOYMENT_TARGET = 13;
				MARKETING_VERSION = "${VERSION_NAME}";
				OTHER_CODE_SIGN_FLAGS = "--timestamp";
				PRODUCT_BUNDLE_IDENTIFIER = "${APP_ID_MACOSEX}.system";
				PRODUCT_NAME = "${APP_ID_MACOSEX}.system";
				PROVISIONING_PROFILE_SPECIFIER = "";
				"PROVISIONING_PROFILE_SPECIFIER[sdk=macosx*]" = "clevervpn appex system extension";
				REGISTER_APP_GROUPS = YES;
				SDKROOT = macosx;
				SKIP_INSTALL = YES;
				SWIFT_ACTIVE_COMPILATION_CONDITIONS = DEBUG;
				SWIFT_EMIT_LOC_STRINGS = YES;
				SWIFT_OBJC_BRIDGING_HEADER = "";
				SWIFT_VERSION = 5.0;
			};
			name = Debug;
		};
		11A4A8CF2D6570530098A775 /* Release */ = {
			isa = XCBuildConfiguration;
			buildSettings = {
				APP_GROUP_ID = "${DEVELOPMENT_TEAM}.group.${APP_ID_MACOSEX}";
				CODE_SIGN_ENTITLEMENTS = VpnNetworkExtension/VpnSystemExtension.entitlements;
				"CODE_SIGN_IDENTITY[sdk=macosx*]" = "Developer ID Application";
				CODE_SIGN_INJECT_BASE_ENTITLEMENTS = NO;
				CODE_SIGN_STYLE = Manual;
				CURRENT_PROJECT_VERSION = "${VERSION_ID}";
				DEAD_CODE_STRIPPING = YES;
				DEVELOPMENT_TEAM = "";
				"DEVELOPMENT_TEAM[sdk=macosx*]" = MK7X98FMYX;
				ENABLE_HARDENED_RUNTIME = YES;
				GENERATE_INFOPLIST_FILE = YES;
				INFOPLIST_FILE = VpnNetworkExtension/InfoEx.plist;
				INFOPLIST_KEY_CFBundleDisplayName = vpnSystemExtension;
				INFOPLIST_KEY_NSHumanReadableCopyright = "";
				INFOPLIST_KEY_NSSystemExtensionUsageDescription = "";
				LD_RUNPATH_SEARCH_PATHS = (
					"$(inherited)",
					"@executable_path/../Frameworks",
					"@executable_path/../../../../Frameworks",
				);
				MACOSX_DEPLOYMENT_TARGET = 13;
				MARKETING_VERSION = "${VERSION_NAME}";
				OTHER_CODE_SIGN_FLAGS = "--timestamp";
				PRODUCT_BUNDLE_IDENTIFIER = "${APP_ID_MACOSEX}.system";
				PRODUCT_NAME = "${APP_ID_MACOSEX}.system";
				PROVISIONING_PROFILE_SPECIFIER = "";
				"PROVISIONING_PROFILE_SPECIFIER[sdk=macosx*]" = "clevervpn appex system extension";
				REGISTER_APP_GROUPS = YES;
				SDKROOT = macosx;
				SKIP_INSTALL = YES;
				SWIFT_ACTIVE_COMPILATION_CONDITIONS = "";
				SWIFT_EMIT_LOC_STRINGS = YES;
				SWIFT_OBJC_BRIDGING_HEADER = "";
				SWIFT_VERSION = 5.0;
			};
			name = Release;
		};
		11D2E4EC2D1012BF00A76F3C /* Debug */ = {
			isa = XCBuildConfiguration;
			baseConfigurationReference = 11D2E5472D111B8800A76F3C /* Config.xcconfig */;
			buildSettings = {
				ALWAYS_SEARCH_USER_PATHS = NO;
				ASSETCATALOG_COMPILER_GENERATE_SWIFT_ASSET_SYMBOL_EXTENSIONS = YES;
				CLANG_ANALYZER_LOCALIZABILITY_NONLOCALIZED = YES;
				CLANG_ANALYZER_NONNULL = YES;
				CLANG_ANALYZER_NUMBER_OBJECT_CONVERSION = YES_AGGRESSIVE;
				CLANG_CXX_LANGUAGE_STANDARD = "gnu++20";
				CLANG_ENABLE_MODULES = YES;
				CLANG_ENABLE_OBJC_ARC = YES;
				CLANG_ENABLE_OBJC_WEAK = YES;
				CLANG_WARN_BLOCK_CAPTURE_AUTORELEASING = YES;
				CLANG_WARN_BOOL_CONVERSION = YES;
				CLANG_WARN_COMMA = YES;
				CLANG_WARN_CONSTANT_CONVERSION = YES;
				CLANG_WARN_DEPRECATED_OBJC_IMPLEMENTATIONS = YES;
				CLANG_WARN_DIRECT_OBJC_ISA_USAGE = YES_ERROR;
				CLANG_WARN_DOCUMENTATION_COMMENTS = YES;
				CLANG_WARN_EMPTY_BODY = YES;
				CLANG_WARN_ENUM_CONVERSION = YES;
				CLANG_WARN_INFINITE_RECURSION = YES;
				CLANG_WARN_INT_CONVERSION = YES;
				CLANG_WARN_NON_LITERAL_NULL_CONVERSION = YES;
				CLANG_WARN_OBJC_IMPLICIT_RETAIN_SELF = YES;
				CLANG_WARN_OBJC_LITERAL_CONVERSION = YES;
				CLANG_WARN_OBJC_ROOT_CLASS = YES_ERROR;
				CLANG_WARN_QUOTED_INCLUDE_IN_FRAMEWORK_HEADER = YES;
				CLANG_WARN_RANGE_LOOP_ANALYSIS = YES;
				CLANG_WARN_STRICT_PROTOTYPES = YES;
				CLANG_WARN_SUSPICIOUS_MOVE = YES;
				CLANG_WARN_UNGUARDED_AVAILABILITY = YES_AGGRESSIVE;
				CLANG_WARN_UNREACHABLE_CODE = YES;
				CLANG_WARN__DUPLICATE_METHOD_MATCH = YES;
				COPY_PHASE_STRIP = NO;
				CURRENT_PROJECT_VERSION = "${VERSION_ID}";
				DEAD_CODE_STRIPPING = YES;
				DEBUG_INFORMATION_FORMAT = dwarf;
				DEVELOPMENT_TEAM = MK7X98FMYX;
				ENABLE_STRICT_OBJC_MSGSEND = YES;
				ENABLE_TESTABILITY = YES;
				ENABLE_USER_SCRIPT_SANDBOXING = YES;
				GCC_C_LANGUAGE_STANDARD = gnu17;
				GCC_DYNAMIC_NO_PIC = NO;
				GCC_NO_COMMON_BLOCKS = YES;
				GCC_OPTIMIZATION_LEVEL = 0;
				GCC_PREPROCESSOR_DEFINITIONS = (
					"DEBUG=1",
					"$(inherited)",
				);
				GCC_WARN_64_TO_32_BIT_CONVERSION = YES;
				GCC_WARN_ABOUT_RETURN_TYPE = YES_ERROR;
				GCC_WARN_UNDECLARED_SELECTOR = YES;
				GCC_WARN_UNINITIALIZED_AUTOS = YES_AGGRESSIVE;
				GCC_WARN_UNUSED_FUNCTION = YES;
				GCC_WARN_UNUSED_VARIABLE = YES;
				LOCALIZATION_PREFERS_STRING_CATALOGS = YES;
				MTL_ENABLE_DEBUG_INFO = INCLUDE_SOURCE;
				MTL_FAST_MATH = YES;
				ONLY_ACTIVE_ARCH = YES;
				PATH = "${PATH}:/usr/local/go/bin";
				SWIFT_ACTIVE_COMPILATION_CONDITIONS = "DEBUG $(inherited)";
				SWIFT_EMIT_LOC_STRINGS = YES;
				SWIFT_OPTIMIZATION_LEVEL = "-Onone";
				SWIFT_VERSION = "";
				VERSIONING_SYSTEM = "apple-generic";
				VERSION_INFO_PREFIX = "";
			};
			name = Debug;
		};
		11D2E4ED2D1012BF00A76F3C /* Release */ = {
			isa = XCBuildConfiguration;
			baseConfigurationReference = 11D2E5472D111B8800A76F3C /* Config.xcconfig */;
			buildSettings = {
				ALWAYS_SEARCH_USER_PATHS = NO;
				ASSETCATALOG_COMPILER_GENERATE_SWIFT_ASSET_SYMBOL_EXTENSIONS = YES;
				CLANG_ANALYZER_LOCALIZABILITY_NONLOCALIZED = YES;
				CLANG_ANALYZER_NONNULL = YES;
				CLANG_ANALYZER_NUMBER_OBJECT_CONVERSION = YES_AGGRESSIVE;
				CLANG_CXX_LANGUAGE_STANDARD = "gnu++20";
				CLANG_ENABLE_MODULES = YES;
				CLANG_ENABLE_OBJC_ARC = YES;
				CLANG_ENABLE_OBJC_WEAK = YES;
				CLANG_WARN_BLOCK_CAPTURE_AUTORELEASING = YES;
				CLANG_WARN_BOOL_CONVERSION = YES;
				CLANG_WARN_COMMA = YES;
				CLANG_WARN_CONSTANT_CONVERSION = YES;
				CLANG_WARN_DEPRECATED_OBJC_IMPLEMENTATIONS = YES;
				CLANG_WARN_DIRECT_OBJC_ISA_USAGE = YES_ERROR;
				CLANG_WARN_DOCUMENTATION_COMMENTS = YES;
				CLANG_WARN_EMPTY_BODY = YES;
				CLANG_WARN_ENUM_CONVERSION = YES;
				CLANG_WARN_INFINITE_RECURSION = YES;
				CLANG_WARN_INT_CONVERSION = YES;
				CLANG_WARN_NON_LITERAL_NULL_CONVERSION = YES;
				CLANG_WARN_OBJC_IMPLICIT_RETAIN_SELF = YES;
				CLANG_WARN_OBJC_LITERAL_CONVERSION = YES;
				CLANG_WARN_OBJC_ROOT_CLASS = YES_ERROR;
				CLANG_WARN_QUOTED_INCLUDE_IN_FRAMEWORK_HEADER = YES;
				CLANG_WARN_RANGE_LOOP_ANALYSIS = YES;
				CLANG_WARN_STRICT_PROTOTYPES = YES;
				CLANG_WARN_SUSPICIOUS_MOVE = YES;
				CLANG_WARN_UNGUARDED_AVAILABILITY = YES_AGGRESSIVE;
				CLANG_WARN_UNREACHABLE_CODE = YES;
				CLANG_WARN__DUPLICATE_METHOD_MATCH = YES;
				COPY_PHASE_STRIP = NO;
				CURRENT_PROJECT_VERSION = "${VERSION_ID}";
				DEAD_CODE_STRIPPING = YES;
				DEBUG_INFORMATION_FORMAT = "dwarf-with-dsym";
				DEVELOPMENT_TEAM = MK7X98FMYX;
				ENABLE_NS_ASSERTIONS = NO;
				ENABLE_STRICT_OBJC_MSGSEND = YES;
				ENABLE_USER_SCRIPT_SANDBOXING = YES;
				GCC_C_LANGUAGE_STANDARD = gnu17;
				GCC_NO_COMMON_BLOCKS = YES;
				GCC_WARN_64_TO_32_BIT_CONVERSION = YES;
				GCC_WARN_ABOUT_RETURN_TYPE = YES_ERROR;
				GCC_WARN_UNDECLARED_SELECTOR = YES;
				GCC_WARN_UNINITIALIZED_AUTOS = YES_AGGRESSIVE;
				GCC_WARN_UNUSED_FUNCTION = YES;
				GCC_WARN_UNUSED_VARIABLE = YES;
				LOCALIZATION_PREFERS_STRING_CATALOGS = YES;
				MTL_ENABLE_DEBUG_INFO = NO;
				MTL_FAST_MATH = YES;
				PATH = "${PATH}:/usr/local/go/bin";
				SWIFT_EMIT_LOC_STRINGS = YES;
				SWIFT_OPTIMIZATION_LEVEL = "-Onone";
				SWIFT_VERSION = "";
				VERSIONING_SYSTEM = "apple-generic";
				VERSION_INFO_PREFIX = "";
			};
			name = Release;
		};
/* End XCBuildConfiguration section */

/* Begin XCConfigurationList section */
		1174D5ED2D23BF9200D8A5C9 /* Build configuration list for PBXNativeTarget "VpnNetworkExtension" */ = {
			isa = XCConfigurationList;
			buildConfigurations = (
				1174D5EE2D23BF9200D8A5C9 /* Debug */,
				1174D5EF2D23BF9200D8A5C9 /* Release */,
			);
			defaultConfigurationIsVisible = 0;
			defaultConfigurationName = Release;
		};
		1174D61B2D23F2E600D8A5C9 /* Build configuration list for PBXNativeTarget "CleverVpn" */ = {
			isa = XCConfigurationList;
			buildConfigurations = (
				1174D61C2D23F2E600D8A5C9 /* Debug */,
				1174D61D2D23F2E600D8A5C9 /* Release */,
			);
			defaultConfigurationIsVisible = 0;
			defaultConfigurationName = Release;
		};
		11A4A8892D64BA7E0098A775 /* Build configuration list for PBXNativeTarget "CleverVpnEx" */ = {
			isa = XCConfigurationList;
			buildConfigurations = (
				11A4A88A2D64BA7E0098A775 /* Debug */,
				11A4A88B2D64BA7E0098A775 /* Release */,
			);
			defaultConfigurationIsVisible = 0;
			defaultConfigurationName = Release;
		};
		11A4A8CD2D6570530098A775 /* Build configuration list for PBXNativeTarget "VpnSystemExtension" */ = {
			isa = XCConfigurationList;
			buildConfigurations = (
				11A4A8CE2D6570530098A775 /* Debug */,
				11A4A8CF2D6570530098A775 /* Release */,
			);
			defaultConfigurationIsVisible = 0;
			defaultConfigurationName = Release;
		};
		11D2E4D02D1012BF00A76F3C /* Build configuration list for PBXProject "CleverVpn" */ = {
			isa = XCConfigurationList;
			buildConfigurations = (
				11D2E4EC2D1012BF00A76F3C /* Debug */,
				11D2E4ED2D1012BF00A76F3C /* Release */,
			);
			defaultConfigurationIsVisible = 0;
			defaultConfigurationName = Release;
		};
/* End XCConfigurationList section */

/* Begin XCRemoteSwiftPackageReference section */
		1109E5882F7A1FA300AABC43 /* XCRemoteSwiftPackageReference "clever-vpn-kit" */ = {
			isa = XCRemoteSwiftPackageReference;
			repositoryURL = "https://github.com/clever-vpn/clever-vpn-kit";
			requirement = {
				kind = upToNextMinorVersion;
				minimumVersion = 2.1.2;
			};
		};
		112654032D3B68CD00EC470F /* XCRemoteSwiftPackageReference "CodeScanner" */ = {
			isa = XCRemoteSwiftPackageReference;
			repositoryURL = "https://github.com/twostraws/CodeScanner.git";
			requirement = {
				kind = upToNextMajorVersion;
				minimumVersion = 2.5.2;
			};
		};
		11A4A87D2D64BA7E0098A775 /* XCRemoteSwiftPackageReference "CodeScanner" */ = {
			isa = XCRemoteSwiftPackageReference;
			repositoryURL = "https://github.com/twostraws/CodeScanner.git";
			requirement = {
				kind = upToNextMajorVersion;
				minimumVersion = 2.5.2;
			};
		};
/* End XCRemoteSwiftPackageReference section */

/* Begin XCSwiftPackageProductDependency section */
		1109E5892F7A1FB400AABC43 /* CleverVpnKit */ = {
			isa = XCSwiftPackageProductDependency;
			package = 1109E5882F7A1FA300AABC43 /* XCRemoteSwiftPackageReference "clever-vpn-kit" */;
			productName = CleverVpnKit;
		};
		1109E58B2F7A1FBB00AABC43 /* CleverVpnKit */ = {
			isa = XCSwiftPackageProductDependency;
			package = 1109E5882F7A1FA300AABC43 /* XCRemoteSwiftPackageReference "clever-vpn-kit" */;
			productName = CleverVpnKit;
		};
		1109E58D2F7A1FC200AABC43 /* CleverVpnKit */ = {
			isa = XCSwiftPackageProductDependency;
			package = 1109E5882F7A1FA300AABC43 /* XCRemoteSwiftPackageReference "clever-vpn-kit" */;
			productName = CleverVpnKit;
		};
		1109E58F2F7A1FC900AABC43 /* CleverVpnKit */ = {
			isa = XCSwiftPackageProductDependency;
			package = 1109E5882F7A1FA300AABC43 /* XCRemoteSwiftPackageReference "clever-vpn-kit" */;
			productName = CleverVpnKit;
		};
		112654062D3B6A6800EC470F /* CodeScanner */ = {
			isa = XCSwiftPackageProductDependency;
			package = 112654032D3B68CD00EC470F /* XCRemoteSwiftPackageReference "CodeScanner" */;
			productName = CodeScanner;
		};
		11A4A87C2D64BA7E0098A775 /* CodeScanner */ = {
			isa = XCSwiftPackageProductDependency;
			package = 11A4A87D2D64BA7E0098A775 /* XCRemoteSwiftPackageReference "CodeScanner" */;
			productName = CodeScanner;
		};
/* End XCSwiftPackageProductDependency section */
	};
	rootObject = 11D2E4CD2D1012BF00A76F3C /* Project object */;
}
