{
  "originHash" : "90912e9a23d2b4ee8c7541b7ff4d35772cbe9cded1a67d804d87a5959050bdde",
  "pins" : [
    {
      "identity" : "clever-vpn-kit",
      "kind" : "remoteSourceControl",
      "location" : "https://github.com/clever-vpn/clever-vpn-kit",
      "state" : {
        "revision" : "a311fb90e839b25f6c07a766ca2938da294ba4b7",
        "version" : "1.0.1"
      }
    },
    {
      "identity" : "codescanner",
      "kind" : "remoteSourceControl",
      "location" : "https://github.com/twostraws/CodeScanner.git",
      "state" : {
        "revision" : "5e886430238944c7200fc9e10dbf2d9550dba865",
        "version" : "2.5.2"
      }
    },
    {
      "identity" : "flagkit",
      "kind" : "remoteSourceControl",
      "location" : "https://github.com/madebybowtie/FlagKit.git",
      "state" : {
        "revision" : "f12111d91902d23fd1d9cc7ad9198030b049795d",
        "version" : "2.4.0"
      }
    }
  ],
  "version" : 3
}
